Microsoft Visual Studio Solution File, Format Version 11.00
# Visual Studio 2008

Project("{D9EBBA81-3C61-B8E9-3266-FE0762932022}") = "Shootemup", "Assembly-CSharp-firstpass.csproj", "{6533614D-F5DE-BD10-6B91-7411AC047A8F}"
EndProject
Project("{D9EBBA81-3C61-B8E9-3266-FE0762932022}") = "Shootemup", "Assembly-CSharp.csproj", "{DA9F502A-C9B5-AE83-419F-B8C069D4EB0A}"
EndProject
Project("{D9EBBA81-3C61-B8E9-3266-FE0762932022}") = "Shootemup", "Assembly-CSharp-Editor.csproj", "{61E7EF1A-65D3-68AA-07CD-2B726494F5B1}"
EndProject
Global
	GlobalSection(SolutionConfigurationPlatforms) = preSolution
		Debug|Any CPU = Debug|Any CPU
		Release|Any CPU = Release|Any CPU
	EndGlobalSection
	GlobalSection(ProjectConfigurationPlatforms) = postSolution
		{6533614D-F5DE-BD10-6B91-7411AC047A8F}.Debug|Any CPU.ActiveCfg = Debug|Any CPU
		{6533614D-F5DE-BD10-6B91-7411AC047A8F}.Debug|Any CPU.Build.0 = Debug|Any CPU
		{6533614D-F5DE-BD10-6B91-7411AC047A8F}.Release|Any CPU.ActiveCfg = Release|Any CPU
		{6533614D-F5DE-BD10-6B91-7411AC047A8F}.Release|Any CPU.Build.0 = Release|Any CPU
		{DA9F502A-C9B5-AE83-419F-B8C069D4EB0A}.Debug|Any CPU.ActiveCfg = Debug|Any CPU
		{DA9F502A-C9B5-AE83-419F-B8C069D4EB0A}.Debug|Any CPU.Build.0 = Debug|Any CPU
		{DA9F502A-C9B5-AE83-419F-B8C069D4EB0A}.Release|Any CPU.ActiveCfg = Release|Any CPU
		{DA9F502A-C9B5-AE83-419F-B8C069D4EB0A}.Release|Any CPU.Build.0 = Release|Any CPU
		{61E7EF1A-65D3-68AA-07CD-2B726494F5B1}.Debug|Any CPU.ActiveCfg = Debug|Any CPU
		{61E7EF1A-65D3-68AA-07CD-2B726494F5B1}.Debug|Any CPU.Build.0 = Debug|Any CPU
		{61E7EF1A-65D3-68AA-07CD-2B726494F5B1}.Release|Any CPU.ActiveCfg = Release|Any CPU
		{61E7EF1A-65D3-68AA-07CD-2B726494F5B1}.Release|Any CPU.Build.0 = Release|Any CPU
	EndGlobalSection
	GlobalSection(SolutionProperties) = preSolution
		HideSolutionNode = FALSE
	EndGlobalSection
																																																																																																			GlobalSection(MonoDevelopProperties) = preSolution
		StartupItem = Assembly-CSharp.csproj
		Policies = $0
		$0.TextStylePolicy = $1
		$1.inheritsSet = null
		$1.scope = text/x-csharp
		$0.CSharpFormattingPolicy = $2
		$2.inheritsSet = Mono
		$2.inheritsScope = text/x-csharp
		$2.scope = text/x-csharp
		$0.TextStylePolicy = $3
		$3.FileWidth = 120
		$3.TabWidth = 4
		$3.IndentWidth = 4
		$3.EolMarker = Unix
		$3.inheritsSet = Mono
		$3.inheritsScope = text/plain
		$3.scope = text/plain
	EndGlobalSection
EndGlobal
